
Microsoft Visual Studio Solution File, Format Version 12.00
# Visual Studio 14
VisualStudioVersion = 14.0.25420.1
MinimumVisualStudioVersion = 10.0.40219.1
Project("{FAE04EC0-301F-11D3-BF4B-00C04F79EFBC}") = "记住我", "记住我\记住我.csproj", "{33CBB814-DBF9-42C1-8E91-83797CD28B61}"
EndProject
Project("{FAE04EC0-301F-11D3-BF4B-00C04F79EFBC}") = "Common", "Common\Common.csproj", "{9DCE1228-CAC1-4AB4-A12A-97BCB1EDD4A6}"
EndProject
Project("{FAE04EC0-301F-11D3-BF4B-00C04F79EFBC}") = "二叉树四则运算", "二叉树四则运算\二叉树四则运算.csproj", "{11353DAC-775D-4ED5-A948-579EF4AC04C7}"
EndProject
Global
	GlobalSection(SolutionConfigurationPlatforms) = preSolution
		Debug|Any CPU = Debug|Any CPU
		Release|Any CPU = Release|Any CPU
	EndGlobalSection
	GlobalSection(ProjectConfigurationPlatforms) = postSolution
		{33CBB814-DBF9-42C1-8E91-83797CD28B61}.Debug|Any CPU.ActiveCfg = Debug|Any CPU
		{33CBB814-DBF9-42C1-8E91-83797CD28B61}.Debug|Any CPU.Build.0 = Debug|Any CPU
		{33CBB814-DBF9-42C1-8E91-83797CD28B61}.Release|Any CPU.ActiveCfg = Release|Any CPU
		{33CBB814-DBF9-42C1-8E91-83797CD28B61}.Release|Any CPU.Build.0 = Release|Any CPU
		{9DCE1228-CAC1-4AB4-A12A-97BCB1EDD4A6}.Debug|Any CPU.ActiveCfg = Debug|Any CPU
		{9DCE1228-CAC1-4AB4-A12A-97BCB1EDD4A6}.Debug|Any CPU.Build.0 = Debug|Any CPU
		{9DCE1228-CAC1-4AB4-A12A-97BCB1EDD4A6}.Release|Any CPU.ActiveCfg = Release|Any CPU
		{9DCE1228-CAC1-4AB4-A12A-97BCB1EDD4A6}.Release|Any CPU.Build.0 = Release|Any CPU
		{11353DAC-775D-4ED5-A948-579EF4AC04C7}.Debug|Any CPU.ActiveCfg = Debug|Any CPU
		{11353DAC-775D-4ED5-A948-579EF4AC04C7}.Debug|Any CPU.Build.0 = Debug|Any CPU
		{11353DAC-775D-4ED5-A948-579EF4AC04C7}.Release|Any CPU.ActiveCfg = Release|Any CPU
		{11353DAC-775D-4ED5-A948-579EF4AC04C7}.Release|Any CPU.Build.0 = Release|Any CPU
	EndGlobalSection
	GlobalSection(SolutionProperties) = preSolution
		HideSolutionNode = FALSE
	EndGlobalSection
EndGlobal
